
Microsoft Visual Studio Solution File, Format Version 11.00
# Visual Studio 2010
Project("{8BC9CEB8-8B4A-11D0-8D11-00A0C91BC942}") = "hashSep", "hashSep\hashSep.vcxproj", "{38D0F613-6663-4313-9120-CD2EFBE7F774}"
EndProject
Global
	GlobalSection(SolutionConfigurationPlatforms) = preSolution
		Debug|Win32 = Debug|Win32
		Release|Win32 = Release|Win32
	EndGlobalSection
	GlobalSection(ProjectConfigurationPlatforms) = postSolution
		{38D0F613-6663-4313-9120-CD2EFBE7F774}.Debug|Win32.ActiveCfg = Debug|Win32
		{38D0F613-6663-4313-9120-CD2EFBE7F774}.Debug|Win32.Build.0 = Debug|Win32
		{38D0F613-6663-4313-9120-CD2EFBE7F774}.Release|Win32.ActiveCfg = Release|Win32
		{38D0F613-6663-4313-9120-CD2EFBE7F774}.Release|Win32.Build.0 = Release|Win32
	EndGlobalSection
	GlobalSection(SolutionProperties) = preSolution
		HideSolutionNode = FALSE
	EndGlobalSection
EndGlobal
